// !$*UTF8*$!
{
	archiveVersion = 1;
	classes = {
	};
	objectVersion = 55;
	objects = {

/* Begin PBXBuildFile section */
		CC72CE042808832700D1D8E2 /* read_tileSets.cpp in Sources */ = {isa = PBXBuildFile; fileRef = CC72CE022808832700D1D8E2 /* read_tileSets.cpp */; };
		CCB1812528073CAF00FF79D4 /* main.cpp in Sources */ = {isa = PBXBuildFile; fileRef = CCB1812428073CAF00FF79D4 /* main.cpp */; };
		CCB18163280769D900FF79D4 /* libgurobi95.dylib in Frameworks */ = {isa = PBXBuildFile; fileRef = CCB18161280769D900FF79D4 /* libgurobi95.dylib */; };
		CCB18164280769D900FF79D4 /* libgurobi_c++.a in Frameworks */ = {isa = PBXBuildFile; fileRef = CCB18162280769D900FF79D4 /* libgurobi_c++.a */; };
		CCB1816628076AF700FF79D4 /* model1.cpp in Sources */ = {isa = PBXBuildFile; fileRef = CCB1816528076AF700FF79D4 /* model1.cpp */; };
		CCB1816B2808779F00FF79D4 /* read_edges.cpp in Sources */ = {isa = PBXBuildFile; fileRef = CCB1816A2808779F00FF79D4 /* read_edges.cpp */; };
/* End PBXBuildFile section */

/* Begin PBXCopyFilesBuildPhase section */
		CCB1811F28073CAF00FF79D4 /* CopyFiles */ = {
			isa = PBXCopyFilesBuildPhase;
			buildActionMask = 2147483647;
			dstPath = /usr/share/man/man1/;
			dstSubfolderSpec = 0;
			files = (
			);
			runOnlyForDeploymentPostprocessing = 1;
		};
/* End PBXCopyFilesBuildPhase section */

/* Begin PBXFileReference section */
		CC72CE022808832700D1D8E2 /* read_tileSets.cpp */ = {isa = PBXFileReference; lastKnownFileType = sourcecode.cpp.cpp; path = read_tileSets.cpp; sourceTree = "<group>"; };
		CCB1812128073CAF00FF79D4 /* vv_routing */ = {isa = PBXFileReference; explicitFileType = "compiled.mach-o.executable"; includeInIndex = 0; path = vv_routing; sourceTree = BUILT_PRODUCTS_DIR; };
		CCB1812428073CAF00FF79D4 /* main.cpp */ = {isa = PBXFileReference; lastKnownFileType = sourcecode.cpp.cpp; path = main.cpp; sourceTree = "<group>"; };
		CCB1812B28073E7300FF79D4 /* main.h */ = {isa = PBXFileReference; explicitFileType = sourcecode.cpp.h; path = main.h; sourceTree = "<group>"; };
		CCB18161280769D900FF79D4 /* libgurobi95.dylib */ = {isa = PBXFileReference; lastKnownFileType = "compiled.mach-o.dylib"; name = libgurobi95.dylib; path = ../../../../../Library/gurobi951/macos_universal2/lib/libgurobi95.dylib; sourceTree = "<group>"; };
		CCB18162280769D900FF79D4 /* libgurobi_c++.a */ = {isa = PBXFileReference; lastKnownFileType = archive.ar; name = "libgurobi_c++.a"; path = "../../../../../Library/gurobi951/macos_universal2/lib/libgurobi_c++.a"; sourceTree = "<group>"; };
		CCB1816528076AF700FF79D4 /* model1.cpp */ = {isa = PBXFileReference; lastKnownFileType = sourcecode.cpp.cpp; path = model1.cpp; sourceTree = "<group>"; };
		CCB1816A2808779F00FF79D4 /* read_edges.cpp */ = {isa = PBXFileReference; lastKnownFileType = sourcecode.cpp.cpp; path = read_edges.cpp; sourceTree = "<group>"; };
		CCB1816D28087EC700FF79D4 /* 1_distance */ = {isa = PBXFileReference; lastKnownFileType = text; name = 1_distance; path = data/1_distance; sourceTree = SOURCE_ROOT; };
		CCB1816E28087EC700FF79D4 /* 1_tileSets */ = {isa = PBXFileReference; lastKnownFileType = text; path = 1_tileSets; sourceTree = "<group>"; };
/* End PBXFileReference section */

/* Begin PBXFrameworksBuildPhase section */
		CCB1811E28073CAF00FF79D4 /* Frameworks */ = {
			isa = PBXFrameworksBuildPhase;
			buildActionMask = 2147483647;
			files = (
				CCB18163280769D900FF79D4 /* libgurobi95.dylib in Frameworks */,
				CCB18164280769D900FF79D4 /* libgurobi_c++.a in Frameworks */,
			);
			runOnlyForDeploymentPostprocessing = 0;
		};
/* End PBXFrameworksBuildPhase section */

/* Begin PBXGroup section */
		CCB1811828073CAF00FF79D4 = {
			isa = PBXGroup;
			children = (
				CCB181692808777000FF79D4 /* data */,
				CCB1812328073CAF00FF79D4 /* vv_routing */,
				CCB1812228073CAF00FF79D4 /* Products */,
				CCB1812C280749DC00FF79D4 /* Frameworks */,
			);
			sourceTree = "<group>";
		};
		CCB1812228073CAF00FF79D4 /* Products */ = {
			isa = PBXGroup;
			children = (
				CCB1812128073CAF00FF79D4 /* vv_routing */,
			);
			name = Products;
			sourceTree = "<group>";
		};
		CCB1812328073CAF00FF79D4 /* vv_routing */ = {
			isa = PBXGroup;
			children = (
				CCB1816528076AF700FF79D4 /* model1.cpp */,
				CCB1812428073CAF00FF79D4 /* main.cpp */,
				CCB1812B28073E7300FF79D4 /* main.h */,
				CCB1816A2808779F00FF79D4 /* read_edges.cpp */,
				CC72CE022808832700D1D8E2 /* read_tileSets.cpp */,
			);
			path = vv_routing;
			sourceTree = "<group>";
		};
		CCB1812C280749DC00FF79D4 /* Frameworks */ = {
			isa = PBXGroup;
			children = (
				CCB18162280769D900FF79D4 /* libgurobi_c++.a */,
				CCB18161280769D900FF79D4 /* libgurobi95.dylib */,
			);
			name = Frameworks;
			sourceTree = "<group>";
		};
		CCB181692808777000FF79D4 /* data */ = {
			isa = PBXGroup;
			children = (
				CCB1816D28087EC700FF79D4 /* 1_distance */,
				CCB1816E28087EC700FF79D4 /* 1_tileSets */,
			);
			path = data;
			sourceTree = "<group>";
		};
/* End PBXGroup section */

/* Begin PBXNativeTarget section */
		CCB1812028073CAF00FF79D4 /* vv_routing */ = {
			isa = PBXNativeTarget;
			buildConfigurationList = CCB1812828073CAF00FF79D4 /* Build configuration list for PBXNativeTarget "vv_routing" */;
			buildPhases = (
				CCB1811D28073CAF00FF79D4 /* Sources */,
				CCB1811E28073CAF00FF79D4 /* Frameworks */,
				CCB1811F28073CAF00FF79D4 /* CopyFiles */,
			);
			buildRules = (
			);
			dependencies = (
			);
			name = vv_routing;
			productName = vv_routing;
			productReference = CCB1812128073CAF00FF79D4 /* vv_routing */;
			productType = "com.apple.product-type.tool";
		};
/* End PBXNativeTarget section */

/* Begin PBXProject section */
		CCB1811928073CAF00FF79D4 /* Project object */ = {
			isa = PBXProject;
			attributes = {
				BuildIndependentTargetsInParallel = 1;
				LastUpgradeCheck = 1330;
				TargetAttributes = {
					CCB1812028073CAF00FF79D4 = {
						CreatedOnToolsVersion = 13.3.1;
					};
				};
			};
			buildConfigurationList = CCB1811C28073CAF00FF79D4 /* Build configuration list for PBXProject "vv_routing" */;
			compatibilityVersion = "Xcode 13.0";
			developmentRegion = en;
			hasScannedForEncodings = 0;
			knownRegions = (
				en,
				Base,
			);
			mainGroup = CCB1811828073CAF00FF79D4;
			productRefGroup = CCB1812228073CAF00FF79D4 /* Products */;
			projectDirPath = "";
			projectRoot = "";
			targets = (
				CCB1812028073CAF00FF79D4 /* vv_routing */,
			);
		};
/* End PBXProject section */

/* Begin PBXSourcesBuildPhase section */
		CCB1811D28073CAF00FF79D4 /* Sources */ = {
			isa = PBXSourcesBuildPhase;
			buildActionMask = 2147483647;
			files = (
				CCB1816B2808779F00FF79D4 /* read_edges.cpp in Sources */,
				CCB1812528073CAF00FF79D4 /* main.cpp in Sources */,
				CC72CE042808832700D1D8E2 /* read_tileSets.cpp in Sources */,
				CCB1816628076AF700FF79D4 /* model1.cpp in Sources */,
			);
			runOnlyForDeploymentPostprocessing = 0;
		};
/* End PBXSourcesBuildPhase section */

/* Begin XCBuildConfiguration section */
		CCB1812628073CAF00FF79D4 /* Debug */ = {
			isa = XCBuildConfiguration;
			buildSettings = {
				ALWAYS_SEARCH_USER_PATHS = NO;
				CLANG_ANALYZER_NONNULL = YES;
				CLANG_ANALYZER_NUMBER_OBJECT_CONVERSION = YES_AGGRESSIVE;
				CLANG_CXX_LANGUAGE_STANDARD = "gnu++17";
				CLANG_ENABLE_MODULES = YES;
				CLANG_ENABLE_OBJC_ARC = YES;
				CLANG_ENABLE_OBJC_WEAK = YES;
				CLANG_WARN_BLOCK_CAPTURE_AUTORELEASING = YES;
				CLANG_WARN_BOOL_CONVERSION = YES;
				CLANG_WARN_COMMA = YES;
				CLANG_WARN_CONSTANT_CONVERSION = YES;
				CLANG_WARN_DEPRECATED_OBJC_IMPLEMENTATIONS = YES;
				CLANG_WARN_DIRECT_OBJC_ISA_USAGE = YES_ERROR;
				CLANG_WARN_DOCUMENTATION_COMMENTS = YES;
				CLANG_WARN_EMPTY_BODY = YES;
				CLANG_WARN_ENUM_CONVERSION = YES;
				CLANG_WARN_INFINITE_RECURSION = YES;
				CLANG_WARN_INT_CONVERSION = YES;
				CLANG_WARN_NON_LITERAL_NULL_CONVERSION = YES;
				CLANG_WARN_OBJC_IMPLICIT_RETAIN_SELF = YES;
				CLANG_WARN_OBJC_LITERAL_CONVERSION = YES;
				CLANG_WARN_OBJC_ROOT_CLASS = YES_ERROR;
				CLANG_WARN_QUOTED_INCLUDE_IN_FRAMEWORK_HEADER = YES;
				CLANG_WARN_RANGE_LOOP_ANALYSIS = YES;
				CLANG_WARN_STRICT_PROTOTYPES = YES;
				CLANG_WARN_SUSPICIOUS_MOVE = YES;
				CLANG_WARN_UNGUARDED_AVAILABILITY = YES_AGGRESSIVE;
				CLANG_WARN_UNREACHABLE_CODE = YES;
				CLANG_WARN__DUPLICATE_METHOD_MATCH = YES;
				COPY_PHASE_STRIP = NO;
				DEBUG_INFORMATION_FORMAT = dwarf;
				ENABLE_STRICT_OBJC_MSGSEND = YES;
				ENABLE_TESTABILITY = YES;
				GCC_C_LANGUAGE_STANDARD = gnu11;
				GCC_DYNAMIC_NO_PIC = NO;
				GCC_NO_COMMON_BLOCKS = YES;
				GCC_OPTIMIZATION_LEVEL = 0;
				GCC_PREPROCESSOR_DEFINITIONS = (
					"DEBUG=1",
					"$(inherited)",
				);
				GCC_WARN_64_TO_32_BIT_CONVERSION = YES;
				GCC_WARN_ABOUT_RETURN_TYPE = YES_ERROR;
				GCC_WARN_UNDECLARED_SELECTOR = YES;
				GCC_WARN_UNINITIALIZED_AUTOS = YES_AGGRESSIVE;
				GCC_WARN_UNUSED_FUNCTION = YES;
				GCC_WARN_UNUSED_VARIABLE = YES;
				"LD_MAP_FILE_PATH[arch=*]" = "$(TARGET_TEMP_DIR)/$(PRODUCT_NAME)-LinkMap-$(CURRENT_VARIANT)-$(CURRENT_ARCH).txt";
				MACOSX_DEPLOYMENT_TARGET = 12.3;
				MTL_ENABLE_DEBUG_INFO = INCLUDE_SOURCE;
				MTL_FAST_MATH = YES;
				ONLY_ACTIVE_ARCH = YES;
				OTHER_LDFLAGS = "";
				SDKROOT = macosx;
			};
			name = Debug;
		};
		CCB1812728073CAF00FF79D4 /* Release */ = {
			isa = XCBuildConfiguration;
			buildSettings = {
				ALWAYS_SEARCH_USER_PATHS = NO;
				CLANG_ANALYZER_NONNULL = YES;
				CLANG_ANALYZER_NUMBER_OBJECT_CONVERSION = YES_AGGRESSIVE;
				CLANG_CXX_LANGUAGE_STANDARD = "gnu++17";
				CLANG_ENABLE_MODULES = YES;
				CLANG_ENABLE_OBJC_ARC = YES;
				CLANG_ENABLE_OBJC_WEAK = YES;
				CLANG_WARN_BLOCK_CAPTURE_AUTORELEASING = YES;
				CLANG_WARN_BOOL_CONVERSION = YES;
				CLANG_WARN_COMMA = YES;
				CLANG_WARN_CONSTANT_CONVERSION = YES;
				CLANG_WARN_DEPRECATED_OBJC_IMPLEMENTATIONS = YES;
				CLANG_WARN_DIRECT_OBJC_ISA_USAGE = YES_ERROR;
				CLANG_WARN_DOCUMENTATION_COMMENTS = YES;
				CLANG_WARN_EMPTY_BODY = YES;
				CLANG_WARN_ENUM_CONVERSION = YES;
				CLANG_WARN_INFINITE_RECURSION = YES;
				CLANG_WARN_INT_CONVERSION = YES;
				CLANG_WARN_NON_LITERAL_NULL_CONVERSION = YES;
				CLANG_WARN_OBJC_IMPLICIT_RETAIN_SELF = YES;
				CLANG_WARN_OBJC_LITERAL_CONVERSION = YES;
				CLANG_WARN_OBJC_ROOT_CLASS = YES_ERROR;
				CLANG_WARN_QUOTED_INCLUDE_IN_FRAMEWORK_HEADER = YES;
				CLANG_WARN_RANGE_LOOP_ANALYSIS = YES;
				CLANG_WARN_STRICT_PROTOTYPES = YES;
				CLANG_WARN_SUSPICIOUS_MOVE = YES;
				CLANG_WARN_UNGUARDED_AVAILABILITY = YES_AGGRESSIVE;
				CLANG_WARN_UNREACHABLE_CODE = YES;
				CLANG_WARN__DUPLICATE_METHOD_MATCH = YES;
				COPY_PHASE_STRIP = NO;
				DEBUG_INFORMATION_FORMAT = "dwarf-with-dsym";
				ENABLE_NS_ASSERTIONS = NO;
				ENABLE_STRICT_OBJC_MSGSEND = YES;
				GCC_C_LANGUAGE_STANDARD = gnu11;
				GCC_NO_COMMON_BLOCKS = YES;
				GCC_WARN_64_TO_32_BIT_CONVERSION = YES;
				GCC_WARN_ABOUT_RETURN_TYPE = YES_ERROR;
				GCC_WARN_UNDECLARED_SELECTOR = YES;
				GCC_WARN_UNINITIALIZED_AUTOS = YES_AGGRESSIVE;
				GCC_WARN_UNUSED_FUNCTION = YES;
				GCC_WARN_UNUSED_VARIABLE = YES;
				MACOSX_DEPLOYMENT_TARGET = 12.3;
				MTL_ENABLE_DEBUG_INFO = NO;
				MTL_FAST_MATH = YES;
				OTHER_LDFLAGS = "";
				SDKROOT = macosx;
			};
			name = Release;
		};
		CCB1812928073CAF00FF79D4 /* Debug */ = {
			isa = XCBuildConfiguration;
			buildSettings = {
				CLANG_CXX_LANGUAGE_STANDARD = "gnu++17";
				CODE_SIGN_STYLE = Automatic;
				HEADER_SEARCH_PATHS = /Library/gurobi951/macos_universal2/include;
				LIBRARY_SEARCH_PATHS = (
					/Library/gurobi951/macos_universal2/lib,
					"$(LOCAL_LIBRARY_DIR)/gurobi951/macos_universal2/lib",
				);
				OTHER_CFLAGS = "-DIL_STD";
				OTHER_LDFLAGS = "";
				PRODUCT_NAME = "$(TARGET_NAME)";
			};
			name = Debug;
		};
		CCB1812A28073CAF00FF79D4 /* Release */ = {
			isa = XCBuildConfiguration;
			buildSettings = {
				CLANG_CXX_LANGUAGE_STANDARD = "gnu++17";
				CODE_SIGN_STYLE = Automatic;
				HEADER_SEARCH_PATHS = /Library/gurobi951/macos_universal2/include;
				LIBRARY_SEARCH_PATHS = (
					/Library/gurobi951/macos_universal2/lib,
					"$(LOCAL_LIBRARY_DIR)/gurobi951/macos_universal2/lib",
				);
				OTHER_CFLAGS = "-DIL_STD";
				OTHER_LDFLAGS = "";
				PRODUCT_NAME = "$(TARGET_NAME)";
			};
			name = Release;
		};
/* End XCBuildConfiguration section */

/* Begin XCConfigurationList section */
		CCB1811C28073CAF00FF79D4 /* Build configuration list for PBXProject "vv_routing" */ = {
			isa = XCConfigurationList;
			buildConfigurations = (
				CCB1812628073CAF00FF79D4 /* Debug */,
				CCB1812728073CAF00FF79D4 /* Release */,
			);
			defaultConfigurationIsVisible = 0;
			defaultConfigurationName = Release;
		};
		CCB1812828073CAF00FF79D4 /* Build configuration list for PBXNativeTarget "vv_routing" */ = {
			isa = XCConfigurationList;
			buildConfigurations = (
				CCB1812928073CAF00FF79D4 /* Debug */,
				CCB1812A28073CAF00FF79D4 /* Release */,
			);
			defaultConfigurationIsVisible = 0;
			defaultConfigurationName = Release;
		};
/* End XCConfigurationList section */
	};
	rootObject = CCB1811928073CAF00FF79D4 /* Project object */;
}
