// !$*UTF8*$!
{
	archiveVersion = 1;
	classes = {
	};
	objectVersion = 55;
	objects = {

/* Begin PBXBuildFile section */
		CC5A797B281A81CC00752F91 /* init.cpp in Sources */ = {isa = PBXBuildFile; fileRef = CC5A7979281A81CC00752F91 /* init.cpp */; };
		CC5A797E281A85F100752F91 /* read_tileSets_long.cpp in Sources */ = {isa = PBXBuildFile; fileRef = CC5A797D281A85F100752F91 /* read_tileSets_long.cpp */; };
		CC5A7980281A888E00752F91 /* read_edges.cpp in Sources */ = {isa = PBXBuildFile; fileRef = CC5A797F281A888E00752F91 /* read_edges.cpp */; };
		CC5A7982281A8A3300752F91 /* set_nNodes.cpp in Sources */ = {isa = PBXBuildFile; fileRef = CC5A7981281A8A3300752F91 /* set_nNodes.cpp */; };
		CC5A7984281A8AEE00752F91 /* create_costMatrix.cpp in Sources */ = {isa = PBXBuildFile; fileRef = CC5A7983281A8AEE00752F91 /* create_costMatrix.cpp */; };
		CC5A7986281A95F500752F91 /* printTileData.cpp in Sources */ = {isa = PBXBuildFile; fileRef = CC5A7985281A95F500752F91 /* printTileData.cpp */; };
		CC5A798D281B09F700752F91 /* create_tileSet_perNode.cpp in Sources */ = {isa = PBXBuildFile; fileRef = CC5A798C281B09F700752F91 /* create_tileSet_perNode.cpp */; };
		CC5A798F281B11D000752F91 /* initial_random.cpp in Sources */ = {isa = PBXBuildFile; fileRef = CC5A798E281B11D000752F91 /* initial_random.cpp */; };
		CC5A7991281B222000752F91 /* initial_CFI_A.cpp in Sources */ = {isa = PBXBuildFile; fileRef = CC5A7990281B222000752F91 /* initial_CFI_A.cpp */; };
		CC5A7993281B2B1D00752F91 /* initial_CFI_B.cpp in Sources */ = {isa = PBXBuildFile; fileRef = CC5A7992281B2B1D00752F91 /* initial_CFI_B.cpp */; };
		CC5A7997281B315000752F91 /* read_tileSets_short.cpp in Sources */ = {isa = PBXBuildFile; fileRef = CC5A7996281B315000752F91 /* read_tileSets_short.cpp */; };
		CC5A7999281B34CE00752F91 /* read_distances.cpp in Sources */ = {isa = PBXBuildFile; fileRef = CC5A7998281B34CE00752F91 /* read_distances.cpp */; };
		CC5A799D281BF49A00752F91 /* initial_CFI_A2.cpp in Sources */ = {isa = PBXBuildFile; fileRef = CC5A799C281BF49A00752F91 /* initial_CFI_A2.cpp */; };
		CC5A799F281C04B100752F91 /* relocate.cpp in Sources */ = {isa = PBXBuildFile; fileRef = CC5A799E281C04B100752F91 /* relocate.cpp */; };
		CC5A79A1281C0BDA00752F91 /* relocate_tile.cpp in Sources */ = {isa = PBXBuildFile; fileRef = CC5A79A0281C0BDA00752F91 /* relocate_tile.cpp */; };
		CC68A5AE281F1C2200C3563C /* destroy_random.cpp in Sources */ = {isa = PBXBuildFile; fileRef = CC68A5AD281F1C2200C3563C /* destroy_random.cpp */; };
		CC68A5B0281F1C7B00C3563C /* destroy_random_square.cpp in Sources */ = {isa = PBXBuildFile; fileRef = CC68A5AF281F1C7B00C3563C /* destroy_random_square.cpp */; };
		CC68A5B2281F1C9300C3563C /* destroy_random_sequence.cpp in Sources */ = {isa = PBXBuildFile; fileRef = CC68A5B1281F1C9300C3563C /* destroy_random_sequence.cpp */; };
		CC68A5B5281F1E2500C3563C /* swap.cpp in Sources */ = {isa = PBXBuildFile; fileRef = CC68A5B4281F1E2500C3563C /* swap.cpp */; };
		CC68A5B7281F22DA00C3563C /* swap_pair.cpp in Sources */ = {isa = PBXBuildFile; fileRef = CC68A5B6281F22DA00C3563C /* swap_pair.cpp */; };
		CC72CE082808874C00D1D8E2 /* model.cpp in Sources */ = {isa = PBXBuildFile; fileRef = CC72CE062808874C00D1D8E2 /* model.cpp */; };
		CC72CE0B2808A46200D1D8E2 /* createVariables.cpp in Sources */ = {isa = PBXBuildFile; fileRef = CC72CE0A2808A46200D1D8E2 /* createVariables.cpp */; };
		CC72CE0D2808AE7200D1D8E2 /* createObjective.cpp in Sources */ = {isa = PBXBuildFile; fileRef = CC72CE0C2808AE7200D1D8E2 /* createObjective.cpp */; };
		CC72CE0F2808B29200D1D8E2 /* solve.cpp in Sources */ = {isa = PBXBuildFile; fileRef = CC72CE0E2808B29200D1D8E2 /* solve.cpp */; };
		CC72CE112808B88400D1D8E2 /* createConstraints.cpp in Sources */ = {isa = PBXBuildFile; fileRef = CC72CE102808B88400D1D8E2 /* createConstraints.cpp */; };
		CC72CE132808CE5800D1D8E2 /* printSolution.cpp in Sources */ = {isa = PBXBuildFile; fileRef = CC72CE122808CE5800D1D8E2 /* printSolution.cpp */; };
		CC72CE152808D70600D1D8E2 /* createConstraints_MTZ.cpp in Sources */ = {isa = PBXBuildFile; fileRef = CC72CE142808D70600D1D8E2 /* createConstraints_MTZ.cpp */; };
		CC72CE192809F1BD00D1D8E2 /* exportSolution.cpp in Sources */ = {isa = PBXBuildFile; fileRef = CC72CE182809F1BD00D1D8E2 /* exportSolution.cpp */; };
		CC72CE1D280C417A00D1D8E2 /* mycallback.cpp in Sources */ = {isa = PBXBuildFile; fileRef = CC72CE1B280C417A00D1D8E2 /* mycallback.cpp */; };
		CC72CE20280C427000D1D8E2 /* callback_user.cpp in Sources */ = {isa = PBXBuildFile; fileRef = CC72CE1F280C427000D1D8E2 /* callback_user.cpp */; };
		CC72CE22280C429F00D1D8E2 /* callback_lazy.cpp in Sources */ = {isa = PBXBuildFile; fileRef = CC72CE21280C429F00D1D8E2 /* callback_lazy.cpp */; };
		CC72CE24280C43E800D1D8E2 /* callback.cpp in Sources */ = {isa = PBXBuildFile; fileRef = CC72CE23280C43E800D1D8E2 /* callback.cpp */; };
		CC72CE28280EB0D000D1D8E2 /* createConstraint_oneWay.cpp in Sources */ = {isa = PBXBuildFile; fileRef = CC72CE27280EB0D000D1D8E2 /* createConstraint_oneWay.cpp */; };
		CC72CE2A280ECCB500D1D8E2 /* setInitialSolution.cpp in Sources */ = {isa = PBXBuildFile; fileRef = CC72CE29280ECCB500D1D8E2 /* setInitialSolution.cpp */; };
		CC72CE2E2814442500D1D8E2 /* getNodeFromTile.cpp in Sources */ = {isa = PBXBuildFile; fileRef = CC72CE2D2814442500D1D8E2 /* getNodeFromTile.cpp */; };
		CC7F9792281F2B35009429E2 /* opt2.cpp in Sources */ = {isa = PBXBuildFile; fileRef = CC7F9791281F2B35009429E2 /* opt2.cpp */; };
		CC7F9794281F3444009429E2 /* relocate_sequence.cpp in Sources */ = {isa = PBXBuildFile; fileRef = CC7F9793281F3444009429E2 /* relocate_sequence.cpp */; };
		CC7F9796281F3DE9009429E2 /* localsearch.cpp in Sources */ = {isa = PBXBuildFile; fileRef = CC7F9795281F3DE9009429E2 /* localsearch.cpp */; };
		CC7F979C2821A7AE009429E2 /* CFI_fixed.cpp in Sources */ = {isa = PBXBuildFile; fileRef = CC7F979B2821A7AE009429E2 /* CFI_fixed.cpp */; };
		CC7F979E2821A8CC009429E2 /* get_CI.cpp in Sources */ = {isa = PBXBuildFile; fileRef = CC7F979D2821A8CC009429E2 /* get_CI.cpp */; };
		CC7F97A02821B63D009429E2 /* get_CI_tile.cpp in Sources */ = {isa = PBXBuildFile; fileRef = CC7F979F2821B63D009429E2 /* get_CI_tile.cpp */; };
		CC7F97A22821CC51009429E2 /* relocate_tiles.cpp in Sources */ = {isa = PBXBuildFile; fileRef = CC7F97A12821CC51009429E2 /* relocate_tiles.cpp */; };
		CC7F97A42821D6B2009429E2 /* replace_node.cpp in Sources */ = {isa = PBXBuildFile; fileRef = CC7F97A32821D6B2009429E2 /* replace_node.cpp */; };
		CC7F97A62822CC1F009429E2 /* reduce_tilesets.cpp in Sources */ = {isa = PBXBuildFile; fileRef = CC7F97A52822CC1F009429E2 /* reduce_tilesets.cpp */; };
		CC7F97A828233445009429E2 /* create_tileConnected.cpp in Sources */ = {isa = PBXBuildFile; fileRef = CC7F97A728233445009429E2 /* create_tileConnected.cpp */; };
		CC7F97AA28243F6F009429E2 /* ALNS.cpp in Sources */ = {isa = PBXBuildFile; fileRef = CC7F97A928243F6F009429E2 /* ALNS.cpp */; };
		CC7F97AE2824621D009429E2 /* initOSM.cpp in Sources */ = {isa = PBXBuildFile; fileRef = CC7F97AC2824621D009429E2 /* initOSM.cpp */; };
		CC7F97B128246499009429E2 /* heuristic.cpp in Sources */ = {isa = PBXBuildFile; fileRef = CC7F97B028246499009429E2 /* heuristic.cpp */; };
		CCB1812528073CAF00FF79D4 /* main.cpp in Sources */ = {isa = PBXBuildFile; fileRef = CCB1812428073CAF00FF79D4 /* main.cpp */; };
		CCB18163280769D900FF79D4 /* libgurobi95.dylib in Frameworks */ = {isa = PBXBuildFile; fileRef = CCB18161280769D900FF79D4 /* libgurobi95.dylib */; };
		CCB18164280769D900FF79D4 /* libgurobi_c++.a in Frameworks */ = {isa = PBXBuildFile; fileRef = CCB18162280769D900FF79D4 /* libgurobi_c++.a */; };
		CCB1816628076AF700FF79D4 /* model1.cpp in Sources */ = {isa = PBXBuildFile; fileRef = CCB1816528076AF700FF79D4 /* model1.cpp */; };
/* End PBXBuildFile section */

/* Begin PBXCopyFilesBuildPhase section */
		CCB1811F28073CAF00FF79D4 /* CopyFiles */ = {
			isa = PBXCopyFilesBuildPhase;
			buildActionMask = 2147483647;
			dstPath = /usr/share/man/man1/;
			dstSubfolderSpec = 0;
			files = (
			);
			runOnlyForDeploymentPostprocessing = 1;
		};
/* End PBXCopyFilesBuildPhase section */

/* Begin PBXFileReference section */
		CC0BDF8A281C3E4E000D0BB7 /* 9_distances */ = {isa = PBXFileReference; lastKnownFileType = text; path = 9_distances; sourceTree = "<group>"; };
		CC0BDF8B281C3E4E000D0BB7 /* 9_tileSets */ = {isa = PBXFileReference; lastKnownFileType = text; path = 9_tileSets; sourceTree = "<group>"; };
		CC0BDF8C281C4159000D0BB7 /* 11_distances */ = {isa = PBXFileReference; lastKnownFileType = text; path = 11_distances; sourceTree = "<group>"; };
		CC0BDF8D281C4159000D0BB7 /* 11_tileSets */ = {isa = PBXFileReference; lastKnownFileType = text; path = 11_tileSets; sourceTree = "<group>"; };
		CC5A7979281A81CC00752F91 /* init.cpp */ = {isa = PBXFileReference; lastKnownFileType = sourcecode.cpp.cpp; path = init.cpp; sourceTree = "<group>"; };
		CC5A797A281A81CC00752F91 /* init.hpp */ = {isa = PBXFileReference; lastKnownFileType = sourcecode.cpp.h; path = init.hpp; sourceTree = "<group>"; };
		CC5A797C281A83E600752F91 /* init.ih */ = {isa = PBXFileReference; explicitFileType = sourcecode.cpp.objcpp; path = init.ih; sourceTree = "<group>"; };
		CC5A797D281A85F100752F91 /* read_tileSets_long.cpp */ = {isa = PBXFileReference; lastKnownFileType = sourcecode.cpp.cpp; path = read_tileSets_long.cpp; sourceTree = "<group>"; };
		CC5A797F281A888E00752F91 /* read_edges.cpp */ = {isa = PBXFileReference; lastKnownFileType = sourcecode.cpp.cpp; path = read_edges.cpp; sourceTree = "<group>"; };
		CC5A7981281A8A3300752F91 /* set_nNodes.cpp */ = {isa = PBXFileReference; lastKnownFileType = sourcecode.cpp.cpp; path = set_nNodes.cpp; sourceTree = "<group>"; };
		CC5A7983281A8AEE00752F91 /* create_costMatrix.cpp */ = {isa = PBXFileReference; lastKnownFileType = sourcecode.cpp.cpp; path = create_costMatrix.cpp; sourceTree = "<group>"; };
		CC5A7985281A95F500752F91 /* printTileData.cpp */ = {isa = PBXFileReference; lastKnownFileType = sourcecode.cpp.cpp; path = printTileData.cpp; sourceTree = "<group>"; };
		CC5A798C281B09F700752F91 /* create_tileSet_perNode.cpp */ = {isa = PBXFileReference; lastKnownFileType = sourcecode.cpp.cpp; path = create_tileSet_perNode.cpp; sourceTree = "<group>"; };
		CC5A798E281B11D000752F91 /* initial_random.cpp */ = {isa = PBXFileReference; lastKnownFileType = sourcecode.cpp.cpp; path = initial_random.cpp; sourceTree = "<group>"; };
		CC5A7990281B222000752F91 /* initial_CFI_A.cpp */ = {isa = PBXFileReference; lastKnownFileType = sourcecode.cpp.cpp; path = initial_CFI_A.cpp; sourceTree = "<group>"; };
		CC5A7992281B2B1D00752F91 /* initial_CFI_B.cpp */ = {isa = PBXFileReference; lastKnownFileType = sourcecode.cpp.cpp; path = initial_CFI_B.cpp; sourceTree = "<group>"; };
		CC5A7994281B2FC700752F91 /* 3_distances */ = {isa = PBXFileReference; fileEncoding = 4; lastKnownFileType = text; path = 3_distances; sourceTree = "<group>"; };
		CC5A7995281B2FC700752F91 /* 3_tileSets */ = {isa = PBXFileReference; fileEncoding = 4; lastKnownFileType = text; path = 3_tileSets; sourceTree = "<group>"; };
		CC5A7996281B315000752F91 /* read_tileSets_short.cpp */ = {isa = PBXFileReference; lastKnownFileType = sourcecode.cpp.cpp; path = read_tileSets_short.cpp; sourceTree = "<group>"; };
		CC5A7998281B34CE00752F91 /* read_distances.cpp */ = {isa = PBXFileReference; lastKnownFileType = sourcecode.cpp.cpp; path = read_distances.cpp; sourceTree = "<group>"; };
		CC5A799A281B525500752F91 /* 7_distances */ = {isa = PBXFileReference; fileEncoding = 4; lastKnownFileType = text; path = 7_distances; sourceTree = "<group>"; };
		CC5A799B281B525500752F91 /* 7_tileSets */ = {isa = PBXFileReference; fileEncoding = 4; lastKnownFileType = text; path = 7_tileSets; sourceTree = "<group>"; };
		CC5A799C281BF49A00752F91 /* initial_CFI_A2.cpp */ = {isa = PBXFileReference; lastKnownFileType = sourcecode.cpp.cpp; path = initial_CFI_A2.cpp; sourceTree = "<group>"; };
		CC5A799E281C04B100752F91 /* relocate.cpp */ = {isa = PBXFileReference; lastKnownFileType = sourcecode.cpp.cpp; path = relocate.cpp; sourceTree = "<group>"; };
		CC5A79A0281C0BDA00752F91 /* relocate_tile.cpp */ = {isa = PBXFileReference; lastKnownFileType = sourcecode.cpp.cpp; path = relocate_tile.cpp; sourceTree = "<group>"; };
		CC68A5AD281F1C2200C3563C /* destroy_random.cpp */ = {isa = PBXFileReference; lastKnownFileType = sourcecode.cpp.cpp; path = destroy_random.cpp; sourceTree = "<group>"; };
		CC68A5AF281F1C7B00C3563C /* destroy_random_square.cpp */ = {isa = PBXFileReference; lastKnownFileType = sourcecode.cpp.cpp; path = destroy_random_square.cpp; sourceTree = "<group>"; };
		CC68A5B1281F1C9300C3563C /* destroy_random_sequence.cpp */ = {isa = PBXFileReference; lastKnownFileType = sourcecode.cpp.cpp; path = destroy_random_sequence.cpp; sourceTree = "<group>"; };
		CC68A5B4281F1E2500C3563C /* swap.cpp */ = {isa = PBXFileReference; lastKnownFileType = sourcecode.cpp.cpp; path = swap.cpp; sourceTree = "<group>"; };
		CC68A5B6281F22DA00C3563C /* swap_pair.cpp */ = {isa = PBXFileReference; lastKnownFileType = sourcecode.cpp.cpp; path = swap_pair.cpp; sourceTree = "<group>"; };
		CC72CE062808874C00D1D8E2 /* model.cpp */ = {isa = PBXFileReference; lastKnownFileType = sourcecode.cpp.cpp; path = model.cpp; sourceTree = "<group>"; };
		CC72CE072808874C00D1D8E2 /* model.hpp */ = {isa = PBXFileReference; lastKnownFileType = sourcecode.cpp.h; path = model.hpp; sourceTree = "<group>"; usesTabs = 0; };
		CC72CE09280888D900D1D8E2 /* model.ih */ = {isa = PBXFileReference; explicitFileType = sourcecode.cpp.h; path = model.ih; sourceTree = "<group>"; };
		CC72CE0A2808A46200D1D8E2 /* createVariables.cpp */ = {isa = PBXFileReference; indentWidth = 4; lastKnownFileType = sourcecode.cpp.cpp; path = createVariables.cpp; sourceTree = "<group>"; tabWidth = 2; };
		CC72CE0C2808AE7200D1D8E2 /* createObjective.cpp */ = {isa = PBXFileReference; lastKnownFileType = sourcecode.cpp.cpp; path = createObjective.cpp; sourceTree = "<group>"; };
		CC72CE0E2808B29200D1D8E2 /* solve.cpp */ = {isa = PBXFileReference; lastKnownFileType = sourcecode.cpp.cpp; path = solve.cpp; sourceTree = "<group>"; };
		CC72CE102808B88400D1D8E2 /* createConstraints.cpp */ = {isa = PBXFileReference; lastKnownFileType = sourcecode.cpp.cpp; path = createConstraints.cpp; sourceTree = "<group>"; };
		CC72CE122808CE5800D1D8E2 /* printSolution.cpp */ = {isa = PBXFileReference; lastKnownFileType = sourcecode.cpp.cpp; path = printSolution.cpp; sourceTree = "<group>"; };
		CC72CE142808D70600D1D8E2 /* createConstraints_MTZ.cpp */ = {isa = PBXFileReference; lastKnownFileType = sourcecode.cpp.cpp; path = createConstraints_MTZ.cpp; sourceTree = "<group>"; };
		CC72CE182809F1BD00D1D8E2 /* exportSolution.cpp */ = {isa = PBXFileReference; lastKnownFileType = sourcecode.cpp.cpp; path = exportSolution.cpp; sourceTree = "<group>"; };
		CC72CE1B280C417A00D1D8E2 /* mycallback.cpp */ = {isa = PBXFileReference; lastKnownFileType = sourcecode.cpp.cpp; path = mycallback.cpp; sourceTree = "<group>"; };
		CC72CE1C280C417A00D1D8E2 /* mycallback.hpp */ = {isa = PBXFileReference; lastKnownFileType = sourcecode.cpp.h; path = mycallback.hpp; sourceTree = "<group>"; };
		CC72CE1E280C419B00D1D8E2 /* mycallback.ih */ = {isa = PBXFileReference; explicitFileType = sourcecode.cpp.h; path = mycallback.ih; sourceTree = "<group>"; };
		CC72CE1F280C427000D1D8E2 /* callback_user.cpp */ = {isa = PBXFileReference; lastKnownFileType = sourcecode.cpp.cpp; path = callback_user.cpp; sourceTree = "<group>"; };
		CC72CE21280C429F00D1D8E2 /* callback_lazy.cpp */ = {isa = PBXFileReference; lastKnownFileType = sourcecode.cpp.cpp; path = callback_lazy.cpp; sourceTree = "<group>"; };
		CC72CE23280C43E800D1D8E2 /* callback.cpp */ = {isa = PBXFileReference; lastKnownFileType = sourcecode.cpp.cpp; path = callback.cpp; sourceTree = "<group>"; };
		CC72CE26280C893F00D1D8E2 /* readme.md */ = {isa = PBXFileReference; lastKnownFileType = net.daringfireball.markdown; path = readme.md; sourceTree = "<group>"; };
		CC72CE27280EB0D000D1D8E2 /* createConstraint_oneWay.cpp */ = {isa = PBXFileReference; lastKnownFileType = sourcecode.cpp.cpp; path = createConstraint_oneWay.cpp; sourceTree = "<group>"; };
		CC72CE29280ECCB500D1D8E2 /* setInitialSolution.cpp */ = {isa = PBXFileReference; lastKnownFileType = sourcecode.cpp.cpp; path = setInitialSolution.cpp; sourceTree = "<group>"; };
		CC72CE2D2814442500D1D8E2 /* getNodeFromTile.cpp */ = {isa = PBXFileReference; lastKnownFileType = sourcecode.cpp.cpp; path = getNodeFromTile.cpp; sourceTree = "<group>"; };
		CC7F9791281F2B35009429E2 /* opt2.cpp */ = {isa = PBXFileReference; lastKnownFileType = sourcecode.cpp.cpp; path = opt2.cpp; sourceTree = "<group>"; };
		CC7F9793281F3444009429E2 /* relocate_sequence.cpp */ = {isa = PBXFileReference; lastKnownFileType = sourcecode.cpp.cpp; path = relocate_sequence.cpp; sourceTree = "<group>"; };
		CC7F9795281F3DE9009429E2 /* localsearch.cpp */ = {isa = PBXFileReference; lastKnownFileType = sourcecode.cpp.cpp; path = localsearch.cpp; sourceTree = "<group>"; };
		CC7F9798282170AF009429E2 /* IO_functions.hpp */ = {isa = PBXFileReference; explicitFileType = sourcecode.cpp.h; path = IO_functions.hpp; sourceTree = "<group>"; };
		CC7F9799282171A9009429E2 /* export_GPX.cpp */ = {isa = PBXFileReference; lastKnownFileType = sourcecode.cpp.cpp; path = export_GPX.cpp; sourceTree = "<group>"; };
		CC7F979B2821A7AE009429E2 /* CFI_fixed.cpp */ = {isa = PBXFileReference; lastKnownFileType = sourcecode.cpp.cpp; path = CFI_fixed.cpp; sourceTree = "<group>"; };
		CC7F979D2821A8CC009429E2 /* get_CI.cpp */ = {isa = PBXFileReference; lastKnownFileType = sourcecode.cpp.cpp; path = get_CI.cpp; sourceTree = "<group>"; };
		CC7F979F2821B63D009429E2 /* get_CI_tile.cpp */ = {isa = PBXFileReference; lastKnownFileType = sourcecode.cpp.cpp; path = get_CI_tile.cpp; sourceTree = "<group>"; };
		CC7F97A12821CC51009429E2 /* relocate_tiles.cpp */ = {isa = PBXFileReference; lastKnownFileType = sourcecode.cpp.cpp; path = relocate_tiles.cpp; sourceTree = "<group>"; };
		CC7F97A32821D6B2009429E2 /* replace_node.cpp */ = {isa = PBXFileReference; lastKnownFileType = sourcecode.cpp.cpp; path = replace_node.cpp; sourceTree = "<group>"; };
		CC7F97A52822CC1F009429E2 /* reduce_tilesets.cpp */ = {isa = PBXFileReference; lastKnownFileType = sourcecode.cpp.cpp; path = reduce_tilesets.cpp; sourceTree = "<group>"; };
		CC7F97A728233445009429E2 /* create_tileConnected.cpp */ = {isa = PBXFileReference; lastKnownFileType = sourcecode.cpp.cpp; path = create_tileConnected.cpp; sourceTree = "<group>"; };
		CC7F97A928243F6F009429E2 /* ALNS.cpp */ = {isa = PBXFileReference; lastKnownFileType = sourcecode.cpp.cpp; path = ALNS.cpp; sourceTree = "<group>"; };
		CC7F97AC2824621D009429E2 /* initOSM.cpp */ = {isa = PBXFileReference; lastKnownFileType = sourcecode.cpp.cpp; path = initOSM.cpp; sourceTree = "<group>"; };
		CC7F97AD2824621D009429E2 /* initOSM.hpp */ = {isa = PBXFileReference; lastKnownFileType = sourcecode.cpp.h; path = initOSM.hpp; sourceTree = "<group>"; };
		CC7F97B028246499009429E2 /* heuristic.cpp */ = {isa = PBXFileReference; lastKnownFileType = sourcecode.cpp.cpp; path = heuristic.cpp; sourceTree = "<group>"; };
		CC7F97B2282464BA009429E2 /* heuristic.hpp */ = {isa = PBXFileReference; explicitFileType = sourcecode.cpp.h; path = heuristic.hpp; sourceTree = "<group>"; };
		CC7F97B3282464DC009429E2 /* heuristic.ih */ = {isa = PBXFileReference; explicitFileType = sourcecode.cpp.h; path = heuristic.ih; sourceTree = "<group>"; };
		CC7F97B42824658F009429E2 /* initOSM.ih */ = {isa = PBXFileReference; explicitFileType = sourcecode.cpp.h; path = initOSM.ih; sourceTree = "<group>"; };
		CCB09CFF281EF0740015B50D /* 15_tileSets */ = {isa = PBXFileReference; lastKnownFileType = text; path = 15_tileSets; sourceTree = "<group>"; };
		CCB09D00281EF0740015B50D /* 15_distances */ = {isa = PBXFileReference; lastKnownFileType = text; path = 15_distances; sourceTree = "<group>"; };
		CCB1812128073CAF00FF79D4 /* vv_routing */ = {isa = PBXFileReference; explicitFileType = "compiled.mach-o.executable"; includeInIndex = 0; path = vv_routing; sourceTree = BUILT_PRODUCTS_DIR; };
		CCB1812428073CAF00FF79D4 /* main.cpp */ = {isa = PBXFileReference; lastKnownFileType = sourcecode.cpp.cpp; path = main.cpp; sourceTree = "<group>"; };
		CCB1812B28073E7300FF79D4 /* main.hpp */ = {isa = PBXFileReference; explicitFileType = sourcecode.cpp.h; path = main.hpp; sourceTree = "<group>"; };
		CCB18161280769D900FF79D4 /* libgurobi95.dylib */ = {isa = PBXFileReference; lastKnownFileType = "compiled.mach-o.dylib"; name = libgurobi95.dylib; path = ../../../../../Library/gurobi951/macos_universal2/lib/libgurobi95.dylib; sourceTree = "<group>"; };
		CCB18162280769D900FF79D4 /* libgurobi_c++.a */ = {isa = PBXFileReference; lastKnownFileType = archive.ar; name = "libgurobi_c++.a"; path = "../../../../../Library/gurobi951/macos_universal2/lib/libgurobi_c++.a"; sourceTree = "<group>"; };
		CCB1816528076AF700FF79D4 /* model1.cpp */ = {isa = PBXFileReference; lastKnownFileType = sourcecode.cpp.cpp; path = model1.cpp; sourceTree = "<group>"; };
/* End PBXFileReference section */

/* Begin PBXFrameworksBuildPhase section */
		CCB1811E28073CAF00FF79D4 /* Frameworks */ = {
			isa = PBXFrameworksBuildPhase;
			buildActionMask = 2147483647;
			files = (
				CCB18163280769D900FF79D4 /* libgurobi95.dylib in Frameworks */,
				CCB18164280769D900FF79D4 /* libgurobi_c++.a in Frameworks */,
			);
			runOnlyForDeploymentPostprocessing = 0;
		};
/* End PBXFrameworksBuildPhase section */

/* Begin PBXGroup section */
		CC5A7978281A81BE00752F91 /* init */ = {
			isa = PBXGroup;
			children = (
				CC5A7979281A81CC00752F91 /* init.cpp */,
				CC5A797A281A81CC00752F91 /* init.hpp */,
				CC7F97A728233445009429E2 /* create_tileConnected.cpp */,
				CC5A797C281A83E600752F91 /* init.ih */,
				CC5A797D281A85F100752F91 /* read_tileSets_long.cpp */,
				CC5A797F281A888E00752F91 /* read_edges.cpp */,
				CC5A7981281A8A3300752F91 /* set_nNodes.cpp */,
				CC5A7983281A8AEE00752F91 /* create_costMatrix.cpp */,
				CC5A7985281A95F500752F91 /* printTileData.cpp */,
				CC5A798C281B09F700752F91 /* create_tileSet_perNode.cpp */,
				CC5A7996281B315000752F91 /* read_tileSets_short.cpp */,
				CC5A7998281B34CE00752F91 /* read_distances.cpp */,
			);
			path = init;
			sourceTree = "<group>";
		};
		CC5A798A281A9A7A00752F91 /* ALNS */ = {
			isa = PBXGroup;
			children = (
				CC68A5B3281F1D7C00C3563C /* initial_solution */,
				CC68A5AB281F194100C3563C /* local_search */,
				CC68A5AC281F1C0A00C3563C /* operator_destroy */,
				CC7F979A2821A769009429E2 /* operator_repair */,
				CC7F97A52822CC1F009429E2 /* reduce_tilesets.cpp */,
				CC7F97B2282464BA009429E2 /* heuristic.hpp */,
				CC7F97B028246499009429E2 /* heuristic.cpp */,
				CC7F97B3282464DC009429E2 /* heuristic.ih */,
				CC7F9795281F3DE9009429E2 /* localsearch.cpp */,
				CC7F979D2821A8CC009429E2 /* get_CI.cpp */,
				CC7F979F2821B63D009429E2 /* get_CI_tile.cpp */,
				CC7F97A928243F6F009429E2 /* ALNS.cpp */,
			);
			path = ALNS;
			sourceTree = "<group>";
		};
		CC68A5AB281F194100C3563C /* local_search */ = {
			isa = PBXGroup;
			children = (
				CC7F97A32821D6B2009429E2 /* replace_node.cpp */,
				CC5A799E281C04B100752F91 /* relocate.cpp */,
				CC5A79A0281C0BDA00752F91 /* relocate_tile.cpp */,
				CC7F97A12821CC51009429E2 /* relocate_tiles.cpp */,
				CC68A5B4281F1E2500C3563C /* swap.cpp */,
				CC68A5B6281F22DA00C3563C /* swap_pair.cpp */,
				CC7F9791281F2B35009429E2 /* opt2.cpp */,
				CC7F9793281F3444009429E2 /* relocate_sequence.cpp */,
			);
			path = local_search;
			sourceTree = "<group>";
		};
		CC68A5AC281F1C0A00C3563C /* operator_destroy */ = {
			isa = PBXGroup;
			children = (
				CC68A5AD281F1C2200C3563C /* destroy_random.cpp */,
				CC68A5AF281F1C7B00C3563C /* destroy_random_square.cpp */,
				CC68A5B1281F1C9300C3563C /* destroy_random_sequence.cpp */,
			);
			path = operator_destroy;
			sourceTree = "<group>";
		};
		CC68A5B3281F1D7C00C3563C /* initial_solution */ = {
			isa = PBXGroup;
			children = (
				CC5A798E281B11D000752F91 /* initial_random.cpp */,
				CC5A7990281B222000752F91 /* initial_CFI_A.cpp */,
				CC5A7992281B2B1D00752F91 /* initial_CFI_B.cpp */,
				CC5A799C281BF49A00752F91 /* initial_CFI_A2.cpp */,
			);
			path = initial_solution;
			sourceTree = "<group>";
		};
		CC72CE052808872D00D1D8E2 /* model */ = {
			isa = PBXGroup;
			children = (
				CC72CE25280C512E00D1D8E2 /* mycallback */,
				CC72CE142808D70600D1D8E2 /* createConstraints_MTZ.cpp */,
				CC72CE102808B88400D1D8E2 /* createConstraints.cpp */,
				CC72CE0C2808AE7200D1D8E2 /* createObjective.cpp */,
				CC72CE0A2808A46200D1D8E2 /* createVariables.cpp */,
				CC72CE182809F1BD00D1D8E2 /* exportSolution.cpp */,
				CC72CE062808874C00D1D8E2 /* model.cpp */,
				CC72CE072808874C00D1D8E2 /* model.hpp */,
				CC72CE09280888D900D1D8E2 /* model.ih */,
				CC72CE122808CE5800D1D8E2 /* printSolution.cpp */,
				CC72CE0E2808B29200D1D8E2 /* solve.cpp */,
				CC72CE27280EB0D000D1D8E2 /* createConstraint_oneWay.cpp */,
				CC72CE29280ECCB500D1D8E2 /* setInitialSolution.cpp */,
				CC72CE2D2814442500D1D8E2 /* getNodeFromTile.cpp */,
			);
			path = model;
			sourceTree = "<group>";
		};
		CC72CE25280C512E00D1D8E2 /* mycallback */ = {
			isa = PBXGroup;
			children = (
				CC72CE1C280C417A00D1D8E2 /* mycallback.hpp */,
				CC72CE1B280C417A00D1D8E2 /* mycallback.cpp */,
				CC72CE1E280C419B00D1D8E2 /* mycallback.ih */,
				CC72CE1F280C427000D1D8E2 /* callback_user.cpp */,
				CC72CE21280C429F00D1D8E2 /* callback_lazy.cpp */,
				CC72CE23280C43E800D1D8E2 /* callback.cpp */,
			);
			path = mycallback;
			sourceTree = "<group>";
		};
		CC7F979728217001009429E2 /* IO_functions */ = {
			isa = PBXGroup;
			children = (
				CC7F9798282170AF009429E2 /* IO_functions.hpp */,
				CC7F9799282171A9009429E2 /* export_GPX.cpp */,
			);
			path = IO_functions;
			sourceTree = "<group>";
		};
		CC7F979A2821A769009429E2 /* operator_repair */ = {
			isa = PBXGroup;
			children = (
				CC7F979B2821A7AE009429E2 /* CFI_fixed.cpp */,
			);
			path = operator_repair;
			sourceTree = "<group>";
		};
		CC7F97AB282461F7009429E2 /* initOSM */ = {
			isa = PBXGroup;
			children = (
				CC7F97AC2824621D009429E2 /* initOSM.cpp */,
				CC7F97AD2824621D009429E2 /* initOSM.hpp */,
				CC7F97B42824658F009429E2 /* initOSM.ih */,
			);
			path = initOSM;
			sourceTree = "<group>";
		};
		CCB1811828073CAF00FF79D4 = {
			isa = PBXGroup;
			children = (
				CCB181692808777000FF79D4 /* data */,
				CCB1812328073CAF00FF79D4 /* cpp */,
				CCB1812228073CAF00FF79D4 /* Products */,
				CCB1812C280749DC00FF79D4 /* Frameworks */,
			);
			sourceTree = "<group>";
		};
		CCB1812228073CAF00FF79D4 /* Products */ = {
			isa = PBXGroup;
			children = (
				CCB1812128073CAF00FF79D4 /* vv_routing */,
			);
			name = Products;
			sourceTree = "<group>";
		};
		CCB1812328073CAF00FF79D4 /* cpp */ = {
			isa = PBXGroup;
			children = (
				CC7F97AB282461F7009429E2 /* initOSM */,
				CC7F979728217001009429E2 /* IO_functions */,
				CC5A7978281A81BE00752F91 /* init */,
				CC72CE052808872D00D1D8E2 /* model */,
				CC5A798A281A9A7A00752F91 /* ALNS */,
				CCB1816528076AF700FF79D4 /* model1.cpp */,
				CCB1812428073CAF00FF79D4 /* main.cpp */,
				CCB1812B28073E7300FF79D4 /* main.hpp */,
				CC72CE26280C893F00D1D8E2 /* readme.md */,
			);
			path = cpp;
			sourceTree = "<group>";
		};
		CCB1812C280749DC00FF79D4 /* Frameworks */ = {
			isa = PBXGroup;
			children = (
				CCB18162280769D900FF79D4 /* libgurobi_c++.a */,
				CCB18161280769D900FF79D4 /* libgurobi95.dylib */,
			);
			name = Frameworks;
			sourceTree = "<group>";
		};
		CCB181692808777000FF79D4 /* data */ = {
			isa = PBXGroup;
			children = (
				CCB09D00281EF0740015B50D /* 15_distances */,
				CCB09CFF281EF0740015B50D /* 15_tileSets */,
				CC0BDF8C281C4159000D0BB7 /* 11_distances */,
				CC0BDF8D281C4159000D0BB7 /* 11_tileSets */,
				CC0BDF8A281C3E4E000D0BB7 /* 9_distances */,
				CC0BDF8B281C3E4E000D0BB7 /* 9_tileSets */,
				CC5A799A281B525500752F91 /* 7_distances */,
				CC5A799B281B525500752F91 /* 7_tileSets */,
				CC5A7994281B2FC700752F91 /* 3_distances */,
				CC5A7995281B2FC700752F91 /* 3_tileSets */,
			);
			path = data;
			sourceTree = "<group>";
		};
/* End PBXGroup section */

/* Begin PBXNativeTarget section */
		CCB1812028073CAF00FF79D4 /* vv_routing */ = {
			isa = PBXNativeTarget;
			buildConfigurationList = CCB1812828073CAF00FF79D4 /* Build configuration list for PBXNativeTarget "vv_routing" */;
			buildPhases = (
				CCB1811D28073CAF00FF79D4 /* Sources */,
				CCB1811E28073CAF00FF79D4 /* Frameworks */,
				CCB1811F28073CAF00FF79D4 /* CopyFiles */,
			);
			buildRules = (
			);
			dependencies = (
			);
			name = vv_routing;
			productName = vv_routing;
			productReference = CCB1812128073CAF00FF79D4 /* vv_routing */;
			productType = "com.apple.product-type.tool";
		};
/* End PBXNativeTarget section */

/* Begin PBXProject section */
		CCB1811928073CAF00FF79D4 /* Project object */ = {
			isa = PBXProject;
			attributes = {
				BuildIndependentTargetsInParallel = 1;
				LastUpgradeCheck = 1330;
				TargetAttributes = {
					CCB1812028073CAF00FF79D4 = {
						CreatedOnToolsVersion = 13.3.1;
					};
				};
			};
			buildConfigurationList = CCB1811C28073CAF00FF79D4 /* Build configuration list for PBXProject "vv_routing" */;
			compatibilityVersion = "Xcode 13.0";
			developmentRegion = en;
			hasScannedForEncodings = 0;
			knownRegions = (
				en,
				Base,
			);
			mainGroup = CCB1811828073CAF00FF79D4;
			productRefGroup = CCB1812228073CAF00FF79D4 /* Products */;
			projectDirPath = "";
			projectRoot = "";
			targets = (
				CCB1812028073CAF00FF79D4 /* vv_routing */,
			);
		};
/* End PBXProject section */

/* Begin PBXSourcesBuildPhase section */
		CCB1811D28073CAF00FF79D4 /* Sources */ = {
			isa = PBXSourcesBuildPhase;
			buildActionMask = 2147483647;
			files = (
				CC7F97A42821D6B2009429E2 /* replace_node.cpp in Sources */,
				CC7F97A62822CC1F009429E2 /* reduce_tilesets.cpp in Sources */,
				CC68A5B0281F1C7B00C3563C /* destroy_random_square.cpp in Sources */,
				CC72CE0D2808AE7200D1D8E2 /* createObjective.cpp in Sources */,
				CC5A79A1281C0BDA00752F91 /* relocate_tile.cpp in Sources */,
				CC72CE082808874C00D1D8E2 /* model.cpp in Sources */,
				CC7F97A02821B63D009429E2 /* get_CI_tile.cpp in Sources */,
				CC68A5B7281F22DA00C3563C /* swap_pair.cpp in Sources */,
				CC5A797E281A85F100752F91 /* read_tileSets_long.cpp in Sources */,
				CC72CE132808CE5800D1D8E2 /* printSolution.cpp in Sources */,
				CC5A7999281B34CE00752F91 /* read_distances.cpp in Sources */,
				CC5A7986281A95F500752F91 /* printTileData.cpp in Sources */,
				CC72CE20280C427000D1D8E2 /* callback_user.cpp in Sources */,
				CC5A798D281B09F700752F91 /* create_tileSet_perNode.cpp in Sources */,
				CC72CE2A280ECCB500D1D8E2 /* setInitialSolution.cpp in Sources */,
				CC72CE0F2808B29200D1D8E2 /* solve.cpp in Sources */,
				CC5A798F281B11D000752F91 /* initial_random.cpp in Sources */,
				CCB1812528073CAF00FF79D4 /* main.cpp in Sources */,
				CC7F97B128246499009429E2 /* heuristic.cpp in Sources */,
				CC5A799F281C04B100752F91 /* relocate.cpp in Sources */,
				CC7F9796281F3DE9009429E2 /* localsearch.cpp in Sources */,
				CC72CE2E2814442500D1D8E2 /* getNodeFromTile.cpp in Sources */,
				CC5A7991281B222000752F91 /* initial_CFI_A.cpp in Sources */,
				CC7F9792281F2B35009429E2 /* opt2.cpp in Sources */,
				CC5A7997281B315000752F91 /* read_tileSets_short.cpp in Sources */,
				CC7F979E2821A8CC009429E2 /* get_CI.cpp in Sources */,
				CC68A5B2281F1C9300C3563C /* destroy_random_sequence.cpp in Sources */,
				CC72CE28280EB0D000D1D8E2 /* createConstraint_oneWay.cpp in Sources */,
				CC5A7993281B2B1D00752F91 /* initial_CFI_B.cpp in Sources */,
				CC72CE192809F1BD00D1D8E2 /* exportSolution.cpp in Sources */,
				CC7F97A828233445009429E2 /* create_tileConnected.cpp in Sources */,
				CC5A7984281A8AEE00752F91 /* create_costMatrix.cpp in Sources */,
				CC68A5AE281F1C2200C3563C /* destroy_random.cpp in Sources */,
				CC72CE1D280C417A00D1D8E2 /* mycallback.cpp in Sources */,
				CC72CE0B2808A46200D1D8E2 /* createVariables.cpp in Sources */,
				CC7F979C2821A7AE009429E2 /* CFI_fixed.cpp in Sources */,
				CC72CE24280C43E800D1D8E2 /* callback.cpp in Sources */,
				CC68A5B5281F1E2500C3563C /* swap.cpp in Sources */,
				CC5A7980281A888E00752F91 /* read_edges.cpp in Sources */,
				CC5A797B281A81CC00752F91 /* init.cpp in Sources */,
				CC5A7982281A8A3300752F91 /* set_nNodes.cpp in Sources */,
				CC5A799D281BF49A00752F91 /* initial_CFI_A2.cpp in Sources */,
				CC72CE22280C429F00D1D8E2 /* callback_lazy.cpp in Sources */,
				CC7F97A22821CC51009429E2 /* relocate_tiles.cpp in Sources */,
				CCB1816628076AF700FF79D4 /* model1.cpp in Sources */,
				CC7F97AA28243F6F009429E2 /* ALNS.cpp in Sources */,
				CC7F9794281F3444009429E2 /* relocate_sequence.cpp in Sources */,
				CC72CE152808D70600D1D8E2 /* createConstraints_MTZ.cpp in Sources */,
				CC72CE112808B88400D1D8E2 /* createConstraints.cpp in Sources */,
				CC7F97AE2824621D009429E2 /* initOSM.cpp in Sources */,
			);
			runOnlyForDeploymentPostprocessing = 0;
		};
/* End PBXSourcesBuildPhase section */

/* Begin XCBuildConfiguration section */
		CCB1812628073CAF00FF79D4 /* Debug */ = {
			isa = XCBuildConfiguration;
			buildSettings = {
				ALWAYS_SEARCH_USER_PATHS = NO;
				CLANG_ANALYZER_NONNULL = YES;
				CLANG_ANALYZER_NUMBER_OBJECT_CONVERSION = YES_AGGRESSIVE;
				CLANG_CXX_LANGUAGE_STANDARD = "gnu++20";
				CLANG_ENABLE_MODULES = YES;
				CLANG_ENABLE_OBJC_ARC = YES;
				CLANG_ENABLE_OBJC_WEAK = YES;
				CLANG_WARN_BLOCK_CAPTURE_AUTORELEASING = YES;
				CLANG_WARN_BOOL_CONVERSION = YES;
				CLANG_WARN_COMMA = YES;
				CLANG_WARN_CONSTANT_CONVERSION = YES;
				CLANG_WARN_DEPRECATED_OBJC_IMPLEMENTATIONS = YES;
				CLANG_WARN_DIRECT_OBJC_ISA_USAGE = YES_ERROR;
				CLANG_WARN_DOCUMENTATION_COMMENTS = YES;
				CLANG_WARN_EMPTY_BODY = YES;
				CLANG_WARN_ENUM_CONVERSION = YES;
				CLANG_WARN_INFINITE_RECURSION = YES;
				CLANG_WARN_INT_CONVERSION = YES;
				CLANG_WARN_NON_LITERAL_NULL_CONVERSION = YES;
				CLANG_WARN_OBJC_IMPLICIT_RETAIN_SELF = YES;
				CLANG_WARN_OBJC_LITERAL_CONVERSION = YES;
				CLANG_WARN_OBJC_ROOT_CLASS = YES_ERROR;
				CLANG_WARN_QUOTED_INCLUDE_IN_FRAMEWORK_HEADER = YES;
				CLANG_WARN_RANGE_LOOP_ANALYSIS = YES;
				CLANG_WARN_STRICT_PROTOTYPES = YES;
				CLANG_WARN_SUSPICIOUS_MOVE = YES;
				CLANG_WARN_UNGUARDED_AVAILABILITY = YES_AGGRESSIVE;
				CLANG_WARN_UNREACHABLE_CODE = YES;
				CLANG_WARN__DUPLICATE_METHOD_MATCH = YES;
				COPY_PHASE_STRIP = NO;
				DEBUG_INFORMATION_FORMAT = dwarf;
				ENABLE_STRICT_OBJC_MSGSEND = YES;
				ENABLE_TESTABILITY = YES;
				GCC_C_LANGUAGE_STANDARD = gnu11;
				GCC_DYNAMIC_NO_PIC = NO;
				GCC_NO_COMMON_BLOCKS = YES;
				GCC_OPTIMIZATION_LEVEL = 0;
				GCC_PREPROCESSOR_DEFINITIONS = (
					"DEBUG=1",
					"$(inherited)",
				);
				GCC_WARN_64_TO_32_BIT_CONVERSION = YES;
				GCC_WARN_ABOUT_RETURN_TYPE = YES_ERROR;
				GCC_WARN_UNDECLARED_SELECTOR = YES;
				GCC_WARN_UNINITIALIZED_AUTOS = YES_AGGRESSIVE;
				GCC_WARN_UNUSED_FUNCTION = YES;
				GCC_WARN_UNUSED_VARIABLE = YES;
				HEADER_SEARCH_PATHS = "";
				"LD_MAP_FILE_PATH[arch=*]" = "$(TARGET_TEMP_DIR)/$(PRODUCT_NAME)-LinkMap-$(CURRENT_VARIANT)-$(CURRENT_ARCH).txt";
				LIBRARY_SEARCH_PATHS = "";
				MACOSX_DEPLOYMENT_TARGET = 12.3;
				MTL_ENABLE_DEBUG_INFO = INCLUDE_SOURCE;
				MTL_FAST_MATH = YES;
				ONLY_ACTIVE_ARCH = YES;
				OTHER_LDFLAGS = "";
				SDKROOT = macosx;
				USER_HEADER_SEARCH_PATHS = "";
			};
			name = Debug;
		};
		CCB1812728073CAF00FF79D4 /* Release */ = {
			isa = XCBuildConfiguration;
			buildSettings = {
				ALWAYS_SEARCH_USER_PATHS = NO;
				CLANG_ANALYZER_NONNULL = YES;
				CLANG_ANALYZER_NUMBER_OBJECT_CONVERSION = YES_AGGRESSIVE;
				CLANG_CXX_LANGUAGE_STANDARD = "gnu++20";
				CLANG_ENABLE_MODULES = YES;
				CLANG_ENABLE_OBJC_ARC = YES;
				CLANG_ENABLE_OBJC_WEAK = YES;
				CLANG_WARN_BLOCK_CAPTURE_AUTORELEASING = YES;
				CLANG_WARN_BOOL_CONVERSION = YES;
				CLANG_WARN_COMMA = YES;
				CLANG_WARN_CONSTANT_CONVERSION = YES;
				CLANG_WARN_DEPRECATED_OBJC_IMPLEMENTATIONS = YES;
				CLANG_WARN_DIRECT_OBJC_ISA_USAGE = YES_ERROR;
				CLANG_WARN_DOCUMENTATION_COMMENTS = YES;
				CLANG_WARN_EMPTY_BODY = YES;
				CLANG_WARN_ENUM_CONVERSION = YES;
				CLANG_WARN_INFINITE_RECURSION = YES;
				CLANG_WARN_INT_CONVERSION = YES;
				CLANG_WARN_NON_LITERAL_NULL_CONVERSION = YES;
				CLANG_WARN_OBJC_IMPLICIT_RETAIN_SELF = YES;
				CLANG_WARN_OBJC_LITERAL_CONVERSION = YES;
				CLANG_WARN_OBJC_ROOT_CLASS = YES_ERROR;
				CLANG_WARN_QUOTED_INCLUDE_IN_FRAMEWORK_HEADER = YES;
				CLANG_WARN_RANGE_LOOP_ANALYSIS = YES;
				CLANG_WARN_STRICT_PROTOTYPES = YES;
				CLANG_WARN_SUSPICIOUS_MOVE = YES;
				CLANG_WARN_UNGUARDED_AVAILABILITY = YES_AGGRESSIVE;
				CLANG_WARN_UNREACHABLE_CODE = YES;
				CLANG_WARN__DUPLICATE_METHOD_MATCH = YES;
				COPY_PHASE_STRIP = NO;
				DEBUG_INFORMATION_FORMAT = "dwarf-with-dsym";
				ENABLE_NS_ASSERTIONS = NO;
				ENABLE_STRICT_OBJC_MSGSEND = YES;
				GCC_C_LANGUAGE_STANDARD = gnu11;
				GCC_NO_COMMON_BLOCKS = YES;
				GCC_OPTIMIZATION_LEVEL = 3;
				GCC_WARN_64_TO_32_BIT_CONVERSION = YES;
				GCC_WARN_ABOUT_RETURN_TYPE = YES_ERROR;
				GCC_WARN_UNDECLARED_SELECTOR = YES;
				GCC_WARN_UNINITIALIZED_AUTOS = YES_AGGRESSIVE;
				GCC_WARN_UNUSED_FUNCTION = YES;
				GCC_WARN_UNUSED_VARIABLE = YES;
				HEADER_SEARCH_PATHS = "";
				LIBRARY_SEARCH_PATHS = "";
				MACOSX_DEPLOYMENT_TARGET = 12.3;
				MTL_ENABLE_DEBUG_INFO = NO;
				MTL_FAST_MATH = YES;
				OTHER_LDFLAGS = "";
				SDKROOT = macosx;
				USER_HEADER_SEARCH_PATHS = "";
			};
			name = Release;
		};
		CCB1812928073CAF00FF79D4 /* Debug */ = {
			isa = XCBuildConfiguration;
			buildSettings = {
				CLANG_CXX_LANGUAGE_STANDARD = "gnu++17";
				CODE_SIGN_STYLE = Automatic;
				GCC_OPTIMIZATION_LEVEL = 1;
				HEADER_SEARCH_PATHS = (
					/Library/gurobi951/macos_universal2/include,
					"/Users/michiel/Dropbox/programming/libosmium-2.18.0/include",
					/opt/local/include,
					opt/homebrew/Cellar/expat/2.4.7/include,
					/opt/homebrew/Cellar/bzip2/1.0.8/include,
					/opt/homebrew/Cellar/protobuf/3.19.4/include,
					/opt/homebrew/Cellar/gdal/3.4.3/include,
					/opt/homebrew/Cellar/zlib/1.2.12/include,
				);
				LIBRARY_SEARCH_PATHS = (
					/Library/gurobi951/macos_universal2/lib,
					"$(LOCAL_LIBRARY_DIR)/gurobi951/macos_universal2/lib",
					/opt/homebrew/Cellar/bzip2/1.0.8/lib,
					/opt/homebrew/Cellar/protobuf/3.19.4/lib,
					/opt/homebrew/Cellar/gdal/3.4.3/lib,
				);
				LLVM_LTO = NO;
				OTHER_CFLAGS = "-DIL_STD";
				OTHER_LDFLAGS = (
					"-lexpat",
					"-lbz2",
					"-lprotobuf",
					"-lgdal",
					"-lz",
				);
				PRODUCT_NAME = "$(TARGET_NAME)";
			};
			name = Debug;
		};
		CCB1812A28073CAF00FF79D4 /* Release */ = {
			isa = XCBuildConfiguration;
			buildSettings = {
				CLANG_CXX_LANGUAGE_STANDARD = "gnu++17";
				CODE_SIGN_STYLE = Automatic;
				ENABLE_NS_ASSERTIONS = NO;
				GCC_OPTIMIZATION_LEVEL = 3;
				GCC_PREPROCESSOR_DEFINITIONS = "";
				"GCC_PREPROCESSOR_DEFINITIONS[arch=*]" = "";
				HEADER_SEARCH_PATHS = (
					/Library/gurobi951/macos_universal2/include,
					"/Users/michiel/Dropbox/programming/libosmium-2.18.0/include",
					/opt/local/include,
					opt/homebrew/Cellar/expat/2.4.7/include,
					/opt/homebrew/Cellar/bzip2/1.0.8/include,
					/opt/homebrew/Cellar/protobuf/3.19.4/include,
					/opt/homebrew/Cellar/gdal/3.4.3/include,
					/opt/homebrew/Cellar/zlib/1.2.12/include,
				);
				LIBRARY_SEARCH_PATHS = (
					/Library/gurobi951/macos_universal2/lib,
					"$(LOCAL_LIBRARY_DIR)/gurobi951/macos_universal2/lib",
					/opt/homebrew/Cellar/bzip2/1.0.8/lib,
					/opt/homebrew/Cellar/protobuf/3.19.4/lib,
					/opt/homebrew/Cellar/gdal/3.4.3/lib,
				);
				LLVM_LTO = NO;
				MTL_ENABLE_DEBUG_INFO = NO;
				ONLY_ACTIVE_ARCH = YES;
				OTHER_CFLAGS = "-DIL_STD";
				OTHER_LDFLAGS = (
					"-lexpat",
					"-lbz2",
					"-lprotobuf",
					"-lgdal",
					"-lz",
				);
				PRODUCT_NAME = "$(TARGET_NAME)";
			};
			name = Release;
		};
/* End XCBuildConfiguration section */

/* Begin XCConfigurationList section */
		CCB1811C28073CAF00FF79D4 /* Build configuration list for PBXProject "vv_routing" */ = {
			isa = XCConfigurationList;
			buildConfigurations = (
				CCB1812628073CAF00FF79D4 /* Debug */,
				CCB1812728073CAF00FF79D4 /* Release */,
			);
			defaultConfigurationIsVisible = 0;
			defaultConfigurationName = Release;
		};
		CCB1812828073CAF00FF79D4 /* Build configuration list for PBXNativeTarget "vv_routing" */ = {
			isa = XCConfigurationList;
			buildConfigurations = (
				CCB1812928073CAF00FF79D4 /* Debug */,
				CCB1812A28073CAF00FF79D4 /* Release */,
			);
			defaultConfigurationIsVisible = 0;
			defaultConfigurationName = Release;
		};
/* End XCConfigurationList section */
	};
	rootObject = CCB1811928073CAF00FF79D4 /* Project object */;
}
